
Microsoft Visual Studio Solution File, Format Version 12.00
# Visual Studio 15
VisualStudioVersion = 15.0.27130.2026
MinimumVisualStudioVersion = 10.0.40219.1
Project("{9A19103F-16F7-4668-BE54-9A1E7A4F7556}") = "DiscordOpenDMByUserId", "DiscordOpenDMByUserId\DiscordOpenDMByUserId.csproj", "{D7A4DAD4-AACF-452C-91F4-F9B41D2B586F}"
EndProject
Global
	GlobalSection(SolutionConfigurationPlatforms) = preSolution
		Debug|Any CPU = Debug|Any CPU
		Release|Any CPU = Release|Any CPU
	EndGlobalSection
	GlobalSection(ProjectConfigurationPlatforms) = postSolution
		{D7A4DAD4-AACF-452C-91F4-F9B41D2B586F}.Debug|Any CPU.ActiveCfg = Debug|Any CPU
		{D7A4DAD4-AACF-452C-91F4-F9B41D2B586F}.Debug|Any CPU.Build.0 = Debug|Any CPU
		{D7A4DAD4-AACF-452C-91F4-F9B41D2B586F}.Release|Any CPU.ActiveCfg = Release|Any CPU
		{D7A4DAD4-AACF-452C-91F4-F9B41D2B586F}.Release|Any CPU.Build.0 = Release|Any CPU
	EndGlobalSection
	GlobalSection(SolutionProperties) = preSolution
		HideSolutionNode = FALSE
	EndGlobalSection
	GlobalSection(ExtensibilityGlobals) = postSolution
		SolutionGuid = {E66C9894-5372-4C70-AFA2-A2FF002D8B12}
	EndGlobalSection
EndGlobal
